{
  "name": "safe-shape-workspace",
  "version": "2.0.2",
  "lockfileVersion": 3,
  "requires": true,
  "packages": {
    "": {
      "name": "safe-shape-workspace",
      "version": "2.0.2",
      "workspaces": [
        "packages/safe-shape",
        "packages/core",
        "packages/compat",
        "packages/http",
        "packages/json-schema",
        "packages/typescript",
        "packages/validation",
        "packages/cli"
      ],
      "devDependencies": {
        "@types/node": "^24.2.1",
        "typescript": "^5.9.2"
      },
      "engines": {
        "node": ">=20.10"
      }
    },
    "node_modules/@safe-shape/cli": {
      "resolved": "packages/cli",
      "link": true
    },
    "node_modules/@safe-shape/compat": {
      "resolved": "packages/compat",
      "link": true
    },
    "node_modules/@safe-shape/core": {
      "resolved": "packages/core",
      "link": true
    },
    "node_modules/@safe-shape/http": {
      "resolved": "packages/http",
      "link": true
    },
    "node_modules/@safe-shape/json-schema": {
      "resolved": "packages/json-schema",
      "link": true
    },
    "node_modules/@safe-shape/typescript": {
      "resolved": "packages/typescript",
      "link": true
    },
    "node_modules/@safe-shape/validation": {
      "resolved": "packages/validation",
      "link": true
    },
    "node_modules/@types/node": {
      "version": "24.13.3",
      "resolved": "https://registry.npmjs.org/@types/node/-/node-24.13.3.tgz",
      "integrity": "sha512-Dh8vAsV36ig5wa9OX4pXvMc9D3Veibfw2wix0CUwYODLD8nkj9UsLjASr49nPg+2eKzxhBV+v7L8pXvT4e639Q==",
      "dev": true,
      "dependencies": {
        "undici-types": "~7.18.0"
      }
    },
    "node_modules/safe-shape": {
      "resolved": "packages/safe-shape",
      "link": true
    },
    "node_modules/typescript": {
      "version": "5.9.3",
      "resolved": "https://registry.npmjs.org/typescript/-/typescript-5.9.3.tgz",
      "integrity": "sha512-jl1vZzPDinLr9eUt3J/t7V6FgNEw9QjvBPdysz9KfQDD41fQrC2Y4vKQdiaUpFT4bXlb1RHhLpp8wtm6M5TgSw==",
      "dev": true,
      "bin": {
        "tsc": "bin/tsc",
        "tsserver": "bin/tsserver"
      },
      "engines": {
        "node": ">=14.17"
      }
    },
    "node_modules/undici-types": {
      "version": "7.18.2",
      "resolved": "https://registry.npmjs.org/undici-types/-/undici-types-7.18.2.tgz",
      "integrity": "sha512-AsuCzffGHJybSaRrmr5eHr81mwJU3kjw6M+uprWvCXiNeN9SOGwQ3Jn8jb8m3Z6izVgknn1R0FTCEAP2QrLY/w==",
      "dev": true
    },
    "packages/cli": {
      "name": "@safe-shape/cli",
      "version": "2.0.2",
      "dependencies": {
        "@safe-shape/compat": "2.0.2",
        "@safe-shape/core": "2.0.2",
        "@safe-shape/json-schema": "2.0.2",
        "@safe-shape/typescript": "2.0.2",
        "@safe-shape/validation": "2.0.2"
      },
      "bin": {
        "safe-shape": "dist/cli.js"
      },
      "engines": {
        "node": ">=20.10"
      }
    },
    "packages/compat": {
      "version": "2.0.2",
      "dependencies": {
        "@safe-shape/core": "2.0.2"
      },
      "engines": {
        "node": ">=20.10"
      }
    },
    "packages/core": {
      "name": "@safe-shape/core",
      "version": "2.0.2",
      "engines": {
        "node": ">=20.10"
      }
    },
    "packages/http": {
      "name": "@safe-shape/http",
      "version": "2.0.2",
      "dependencies": {
        "@safe-shape/core": "2.0.2"
      },
      "engines": {
        "node": ">=20.10"
      }
    },
    "packages/json-schema": {
      "name": "@safe-shape/json-schema",
      "version": "2.0.2",
      "dependencies": {
        "@safe-shape/core": "2.0.2"
      },
      "engines": {
        "node": ">=20.10"
      }
    },
    "packages/safe-shape": {
      "version": "2.0.2",
      "dependencies": {
        "@safe-shape/cli": "2.0.2",
        "@safe-shape/compat": "2.0.2",
        "@safe-shape/core": "2.0.2",
        "@safe-shape/http": "2.0.2",
        "@safe-shape/json-schema": "2.0.2",
        "@safe-shape/typescript": "2.0.2",
        "@safe-shape/validation": "2.0.2"
      },
      "engines": {
        "node": ">=20.10"
      }
    },
    "packages/typescript": {
      "name": "@safe-shape/typescript",
      "version": "2.0.2",
      "dependencies": {
        "@safe-shape/core": "2.0.2"
      },
      "engines": {
        "node": ">=20.10"
      }
    },
    "packages/validation": {
      "name": "@safe-shape/validation",
      "version": "2.0.2",
      "dependencies": {
        "@safe-shape/core": "2.0.2"
      },
      "engines": {
        "node": ">=20.10"
      }
    }
  }
}
